
Microsoft Visual Studio Solution File, Format Version 12.00
# Visual Studio Version 17
VisualStudioVersion = 17.13.35825.156 d17.13
MinimumVisualStudioVersion = 10.0.40219.1
Project("{FAE04EC0-301F-11D3-BF4B-00C04F79EFBC}") = "firstProject", "firstProject.csproj", "{3C5E2DE1-993C-4A2D-86DC-3A57C295834A}"
EndProject
Global
	GlobalSection(SolutionConfigurationPlatforms) = preSolution
		Debug|Any CPU = Debug|Any CPU
		Release|Any CPU = Release|Any CPU
	EndGlobalSection
	GlobalSection(ProjectConfigurationPlatforms) = postSolution
		{3C5E2DE1-993C-4A2D-86DC-3A57C295834A}.Debug|Any CPU.ActiveCfg = Debug|Any CPU
		{3C5E2DE1-993C-4A2D-86DC-3A57C295834A}.Debug|Any CPU.Build.0 = Debug|Any CPU
		{3C5E2DE1-993C-4A2D-86DC-3A57C295834A}.Release|Any CPU.ActiveCfg = Release|Any CPU
		{3C5E2DE1-993C-4A2D-86DC-3A57C295834A}.Release|Any CPU.Build.0 = Release|Any CPU
	EndGlobalSection
	GlobalSection(SolutionProperties) = preSolution
		HideSolutionNode = FALSE
	EndGlobalSection
	GlobalSection(ExtensibilityGlobals) = postSolution
		SolutionGuid = {80B75F51-2228-44C9-B927-1718054301B6}
	EndGlobalSection
EndGlobal
